
Microsoft Visual Studio Solution File, Format Version 12.00
# Visual Studio Version 17
VisualStudioVersion = 17.14.36429.23
MinimumVisualStudioVersion = 10.0.40219.1
Project("{2150E333-8FDC-42A3-9474-1A3956D46DE8}") = "Task0", "Task0", "{02EA681E-C7D8-13C7-8484-4AC65E1B71E8}"
EndProject
Project("{FAE04EC0-301F-11D3-BF4B-00C04F79EFBC}") = "Tyuiu.BayazitovEA.Sprint0.Task0.V0", "Tyuiu.BayazitovEA.Sprint0.Task0.V0\Tyuiu.BayazitovEA.Sprint0.Task0.V0.csproj", "{093ED51B-D715-464D-B6F1-F29B9D68DBA5}"
EndProject
Project("{2150E333-8FDC-42A3-9474-1A3956D46DE8}") = "Task1", "Task1", "{AAC8C3DD-A505-44B0-BDB1-7570180372EF}"
EndProject
Project("{FAE04EC0-301F-11D3-BF4B-00C04F79EFBC}") = "Tyuiu.BayazitovEA.Sprint0.Task1.V0", "Tyuiu.BayazitovEA.Sprint0.Task1.V0\Tyuiu.BayazitovEA.Sprint0.Task1.V0.csproj", "{07AA4383-6DE9-4CA1-90E9-D0BC2EC95969}"
EndProject
Project("{2150E333-8FDC-42A3-9474-1A3956D46DE8}") = "Task2", "Task2", "{431079BC-518A-4B5B-BF21-C5240A0106D8}"
EndProject
Project("{FAE04EC0-301F-11D3-BF4B-00C04F79EFBC}") = "Tyuiu.BayazitovEA.Sprint0.Task.2.V0", "Tyuiu.BayazitovEA.Sprint0.Task.2.V0\Tyuiu.BayazitovEA.Sprint0.Task.2.V0.csproj", "{E842BDF0-6C53-4411-A90D-38F017011979}"
EndProject
Project("{FAE04EC0-301F-11D3-BF4B-00C04F79EFBC}") = "Tyuiu.BayazitovEA.Sprint0.Task2.V0.Lib", "Tyuiu.BayazitovEa.Split0.Task2.V0.Lib\Tyuiu.BayazitovEA.Sprint0.Task2.V0.Lib.csproj", "{3643603C-F3F2-4117-B17C-D29B8D783F42}"
EndProject
Project("{FAE04EC0-301F-11D3-BF4B-00C04F79EFBC}") = "Tyuiu.BayazitovEA.Sprint0.Task2.V0.Test", "Tyuiu.BayazitovEa.Split0.Task2.V0.Test\Tyuiu.BayazitovEA.Sprint0.Task2.V0.Test.csproj", "{37540205-E5D9-4371-8E63-68A67410D102}"
EndProject
Project("{2150E333-8FDC-42A3-9474-1A3956D46DE8}") = "Task3", "Task3", "{FF4C8CF2-2CF6-434D-81DF-6D04E337D1C9}"
EndProject
Project("{FAE04EC0-301F-11D3-BF4B-00C04F79EFBC}") = "Tyuiu.BayazitovEA.Sprint0.Task3.V0", "Tyuiu.BayazitovEA.Sprint0.Task3.V0\Tyuiu.BayazitovEA.Sprint0.Task3.V0.csproj", "{FBCD6596-5F64-4B22-B0D4-F6894C68A86E}"
EndProject
Project("{FAE04EC0-301F-11D3-BF4B-00C04F79EFBC}") = "Tyuiu.BayazitovEA.Sprint0.Task3.V0.Test", "Tyuiu.BayazitovEA.Sprint0.Task3.V0.Test\Tyuiu.BayazitovEA.Sprint0.Task3.V0.Test.csproj", "{DFA21C3F-7826-43A8-A49E-B3C7DB3E1928}"
EndProject
Project("{FAE04EC0-301F-11D3-BF4B-00C04F79EFBC}") = "Tyuiu.BayazitovEA.Sprint0.Task3.V0.Lib", "Tyuiu.BayazitovEA.Sprint0.Task3.V0.Lib\Tyuiu.BayazitovEA.Sprint0.Task3.V0.Lib.csproj", "{EBA531FF-1833-40AC-979F-3831C59F9E15}"
EndProject
Project("{2150E333-8FDC-42A3-9474-1A3956D46DE8}") = "Task4", "Task4", "{35A74BF0-3889-49BB-8E0C-B45103DE3CE5}"
EndProject
Project("{FAE04EC0-301F-11D3-BF4B-00C04F79EFBC}") = "Tyuiu.BayazitovEA.Sprint0.Task4.V0.Lib", "Tyuiu.BayazitovEA.Sprint0.Task4.V0.Lib\Tyuiu.BayazitovEA.Sprint0.Task4.V0.Lib.csproj", "{1EC9E221-0844-4702-B289-2C150FE0E0F4}"
EndProject
Project("{FAE04EC0-301F-11D3-BF4B-00C04F79EFBC}") = "Tyuiu.BayazitovEA.Sprint0.Task4.V0", "Tyuiu.BayazitovEA.Sprint0.Task4.V0\Tyuiu.BayazitovEA.Sprint0.Task4.V0.csproj", "{4C7B340D-168F-4EF6-94A5-C300035DBA7F}"
EndProject
Project("{FAE04EC0-301F-11D3-BF4B-00C04F79EFBC}") = "Tyuiu.BayazitovEA.Sprint0.Task4.V0.Test", "Tyuiu.BayazitovEA.Sprint0.Task4.V0.Test\Tyuiu.BayazitovEA.Sprint0.Task4.V0.Test.csproj", "{C357115A-B940-4DED-8F2D-DAF733BA87F4}"
EndProject
Project("{2150E333-8FDC-42A3-9474-1A3956D46DE8}") = "Task5", "Task5", "{D92604E0-562A-4CEA-9A3A-FD96151909D8}"
EndProject
Project("{FAE04EC0-301F-11D3-BF4B-00C04F79EFBC}") = "Tyuiu.BayazitovEA.Sprint0.Task5.V0", "Tyuiu.BayazitovEA.Sprint0.Task5.V0\Tyuiu.BayazitovEA.Sprint0.Task5.V0.csproj", "{8D5F3A81-06BD-4256-8E9E-771322D1361C}"
EndProject
Project("{FAE04EC0-301F-11D3-BF4B-00C04F79EFBC}") = "Tyuiu.BayazitovEA.Sprint0.Task5.V0.Test", "Tyuiu.BayazitovEA.Sprint0.Task5.V0.Test\Tyuiu.BayazitovEA.Sprint0.Task5.V0.Test.csproj", "{4F8C00B0-4705-4919-9FE7-7FA8A014A096}"
EndProject
Project("{FAE04EC0-301F-11D3-BF4B-00C04F79EFBC}") = "Tyuiu.BayazitovEA.Sprint0.Task5.V0.Lib", "Tyuiu.BayazitovEA.Sprint0.Task5.V0.Lib\Tyuiu.BayazitovEA.Sprint0.Task5.V0.Lib.csproj", "{B3C916A6-71E6-4A1E-A2B2-4046866CA339}"
EndProject
Project("{2150E333-8FDC-42A3-9474-1A3956D46DE8}") = "Task6", "Task6", "{D7BBE42E-5031-49F4-A76F-6EF9A5B8D6CF}"
EndProject
Project("{FAE04EC0-301F-11D3-BF4B-00C04F79EFBC}") = "Tyuiu.BayazitovEA.Sprint0.Task6.V0", "Tyuiu.BayazitovEA.Sprint0.Task6.V0\Tyuiu.BayazitovEA.Sprint0.Task6.V0.csproj", "{006C8A9B-5039-468A-9BCE-C126D8FB96CF}"
EndProject
Project("{FAE04EC0-301F-11D3-BF4B-00C04F79EFBC}") = "Tyuiu.BayazitovEA.Sprint0.Task6.V0.Lib", "Tyuiu.BayazitovEA.Sprint0.Task6.V0.Lib\Tyuiu.BayazitovEA.Sprint0.Task6.V0.Lib.csproj", "{40F438D9-34D5-4973-B477-A1DBB2704C22}"
EndProject
Project("{FAE04EC0-301F-11D3-BF4B-00C04F79EFBC}") = "Tyuiu.BayazitovEA.Sprint0.Task6.V0.Test", "Tyuiu.BayazitovEA.Sprint0.Task6.V0.Test\Tyuiu.BayazitovEA.Sprint0.Task6.V0.Test.csproj", "{683C3093-11B9-4C01-BB1E-D14335C27076}"
EndProject
Global
	GlobalSection(SolutionConfigurationPlatforms) = preSolution
		Debug|Any CPU = Debug|Any CPU
		Release|Any CPU = Release|Any CPU
	EndGlobalSection
	GlobalSection(ProjectConfigurationPlatforms) = postSolution
		{093ED51B-D715-464D-B6F1-F29B9D68DBA5}.Debug|Any CPU.ActiveCfg = Debug|Any CPU
		{093ED51B-D715-464D-B6F1-F29B9D68DBA5}.Debug|Any CPU.Build.0 = Debug|Any CPU
		{093ED51B-D715-464D-B6F1-F29B9D68DBA5}.Release|Any CPU.ActiveCfg = Release|Any CPU
		{093ED51B-D715-464D-B6F1-F29B9D68DBA5}.Release|Any CPU.Build.0 = Release|Any CPU
		{07AA4383-6DE9-4CA1-90E9-D0BC2EC95969}.Debug|Any CPU.ActiveCfg = Debug|Any CPU
		{07AA4383-6DE9-4CA1-90E9-D0BC2EC95969}.Debug|Any CPU.Build.0 = Debug|Any CPU
		{07AA4383-6DE9-4CA1-90E9-D0BC2EC95969}.Release|Any CPU.ActiveCfg = Release|Any CPU
		{07AA4383-6DE9-4CA1-90E9-D0BC2EC95969}.Release|Any CPU.Build.0 = Release|Any CPU
		{E842BDF0-6C53-4411-A90D-38F017011979}.Debug|Any CPU.ActiveCfg = Debug|Any CPU
		{E842BDF0-6C53-4411-A90D-38F017011979}.Debug|Any CPU.Build.0 = Debug|Any CPU
		{E842BDF0-6C53-4411-A90D-38F017011979}.Release|Any CPU.ActiveCfg = Release|Any CPU
		{E842BDF0-6C53-4411-A90D-38F017011979}.Release|Any CPU.Build.0 = Release|Any CPU
		{3643603C-F3F2-4117-B17C-D29B8D783F42}.Debug|Any CPU.ActiveCfg = Debug|Any CPU
		{3643603C-F3F2-4117-B17C-D29B8D783F42}.Debug|Any CPU.Build.0 = Debug|Any CPU
		{3643603C-F3F2-4117-B17C-D29B8D783F42}.Release|Any CPU.ActiveCfg = Release|Any CPU
		{3643603C-F3F2-4117-B17C-D29B8D783F42}.Release|Any CPU.Build.0 = Release|Any CPU
		{37540205-E5D9-4371-8E63-68A67410D102}.Debug|Any CPU.ActiveCfg = Debug|Any CPU
		{37540205-E5D9-4371-8E63-68A67410D102}.Debug|Any CPU.Build.0 = Debug|Any CPU
		{37540205-E5D9-4371-8E63-68A67410D102}.Release|Any CPU.ActiveCfg = Release|Any CPU
		{37540205-E5D9-4371-8E63-68A67410D102}.Release|Any CPU.Build.0 = Release|Any CPU
		{FBCD6596-5F64-4B22-B0D4-F6894C68A86E}.Debug|Any CPU.ActiveCfg = Debug|Any CPU
		{FBCD6596-5F64-4B22-B0D4-F6894C68A86E}.Debug|Any CPU.Build.0 = Debug|Any CPU
		{FBCD6596-5F64-4B22-B0D4-F6894C68A86E}.Release|Any CPU.ActiveCfg = Release|Any CPU
		{FBCD6596-5F64-4B22-B0D4-F6894C68A86E}.Release|Any CPU.Build.0 = Release|Any CPU
		{DFA21C3F-7826-43A8-A49E-B3C7DB3E1928}.Debug|Any CPU.ActiveCfg = Debug|Any CPU
		{DFA21C3F-7826-43A8-A49E-B3C7DB3E1928}.Debug|Any CPU.Build.0 = Debug|Any CPU
		{DFA21C3F-7826-43A8-A49E-B3C7DB3E1928}.Release|Any CPU.ActiveCfg = Release|Any CPU
		{DFA21C3F-7826-43A8-A49E-B3C7DB3E1928}.Release|Any CPU.Build.0 = Release|Any CPU
		{EBA531FF-1833-40AC-979F-3831C59F9E15}.Debug|Any CPU.ActiveCfg = Debug|Any CPU
		{EBA531FF-1833-40AC-979F-3831C59F9E15}.Debug|Any CPU.Build.0 = Debug|Any CPU
		{EBA531FF-1833-40AC-979F-3831C59F9E15}.Release|Any CPU.ActiveCfg = Release|Any CPU
		{EBA531FF-1833-40AC-979F-3831C59F9E15}.Release|Any CPU.Build.0 = Release|Any CPU
		{1EC9E221-0844-4702-B289-2C150FE0E0F4}.Debug|Any CPU.ActiveCfg = Debug|Any CPU
		{1EC9E221-0844-4702-B289-2C150FE0E0F4}.Debug|Any CPU.Build.0 = Debug|Any CPU
		{1EC9E221-0844-4702-B289-2C150FE0E0F4}.Release|Any CPU.ActiveCfg = Release|Any CPU
		{1EC9E221-0844-4702-B289-2C150FE0E0F4}.Release|Any CPU.Build.0 = Release|Any CPU
		{4C7B340D-168F-4EF6-94A5-C300035DBA7F}.Debug|Any CPU.ActiveCfg = Debug|Any CPU
		{4C7B340D-168F-4EF6-94A5-C300035DBA7F}.Debug|Any CPU.Build.0 = Debug|Any CPU
		{4C7B340D-168F-4EF6-94A5-C300035DBA7F}.Release|Any CPU.ActiveCfg = Release|Any CPU
		{4C7B340D-168F-4EF6-94A5-C300035DBA7F}.Release|Any CPU.Build.0 = Release|Any CPU
		{C357115A-B940-4DED-8F2D-DAF733BA87F4}.Debug|Any CPU.ActiveCfg = Debug|Any CPU
		{C357115A-B940-4DED-8F2D-DAF733BA87F4}.Debug|Any CPU.Build.0 = Debug|Any CPU
		{C357115A-B940-4DED-8F2D-DAF733BA87F4}.Release|Any CPU.ActiveCfg = Release|Any CPU
		{C357115A-B940-4DED-8F2D-DAF733BA87F4}.Release|Any CPU.Build.0 = Release|Any CPU
		{8D5F3A81-06BD-4256-8E9E-771322D1361C}.Debug|Any CPU.ActiveCfg = Debug|Any CPU
		{8D5F3A81-06BD-4256-8E9E-771322D1361C}.Debug|Any CPU.Build.0 = Debug|Any CPU
		{8D5F3A81-06BD-4256-8E9E-771322D1361C}.Release|Any CPU.ActiveCfg = Release|Any CPU
		{8D5F3A81-06BD-4256-8E9E-771322D1361C}.Release|Any CPU.Build.0 = Release|Any CPU
		{4F8C00B0-4705-4919-9FE7-7FA8A014A096}.Debug|Any CPU.ActiveCfg = Debug|Any CPU
		{4F8C00B0-4705-4919-9FE7-7FA8A014A096}.Debug|Any CPU.Build.0 = Debug|Any CPU
		{4F8C00B0-4705-4919-9FE7-7FA8A014A096}.Release|Any CPU.ActiveCfg = Release|Any CPU
		{4F8C00B0-4705-4919-9FE7-7FA8A014A096}.Release|Any CPU.Build.0 = Release|Any CPU
		{B3C916A6-71E6-4A1E-A2B2-4046866CA339}.Debug|Any CPU.ActiveCfg = Debug|Any CPU
		{B3C916A6-71E6-4A1E-A2B2-4046866CA339}.Debug|Any CPU.Build.0 = Debug|Any CPU
		{B3C916A6-71E6-4A1E-A2B2-4046866CA339}.Release|Any CPU.ActiveCfg = Release|Any CPU
		{B3C916A6-71E6-4A1E-A2B2-4046866CA339}.Release|Any CPU.Build.0 = Release|Any CPU
		{006C8A9B-5039-468A-9BCE-C126D8FB96CF}.Debug|Any CPU.ActiveCfg = Debug|Any CPU
		{006C8A9B-5039-468A-9BCE-C126D8FB96CF}.Debug|Any CPU.Build.0 = Debug|Any CPU
		{006C8A9B-5039-468A-9BCE-C126D8FB96CF}.Release|Any CPU.ActiveCfg = Release|Any CPU
		{006C8A9B-5039-468A-9BCE-C126D8FB96CF}.Release|Any CPU.Build.0 = Release|Any CPU
		{40F438D9-34D5-4973-B477-A1DBB2704C22}.Debug|Any CPU.ActiveCfg = Debug|Any CPU
		{40F438D9-34D5-4973-B477-A1DBB2704C22}.Debug|Any CPU.Build.0 = Debug|Any CPU
		{40F438D9-34D5-4973-B477-A1DBB2704C22}.Release|Any CPU.ActiveCfg = Release|Any CPU
		{40F438D9-34D5-4973-B477-A1DBB2704C22}.Release|Any CPU.Build.0 = Release|Any CPU
		{683C3093-11B9-4C01-BB1E-D14335C27076}.Debug|Any CPU.ActiveCfg = Debug|Any CPU
		{683C3093-11B9-4C01-BB1E-D14335C27076}.Debug|Any CPU.Build.0 = Debug|Any CPU
		{683C3093-11B9-4C01-BB1E-D14335C27076}.Release|Any CPU.ActiveCfg = Release|Any CPU
		{683C3093-11B9-4C01-BB1E-D14335C27076}.Release|Any CPU.Build.0 = Release|Any CPU
	EndGlobalSection
	GlobalSection(SolutionProperties) = preSolution
		HideSolutionNode = FALSE
	EndGlobalSection
	GlobalSection(NestedProjects) = preSolution
		{093ED51B-D715-464D-B6F1-F29B9D68DBA5} = {02EA681E-C7D8-13C7-8484-4AC65E1B71E8}
		{07AA4383-6DE9-4CA1-90E9-D0BC2EC95969} = {AAC8C3DD-A505-44B0-BDB1-7570180372EF}
		{E842BDF0-6C53-4411-A90D-38F017011979} = {431079BC-518A-4B5B-BF21-C5240A0106D8}
		{3643603C-F3F2-4117-B17C-D29B8D783F42} = {431079BC-518A-4B5B-BF21-C5240A0106D8}
		{37540205-E5D9-4371-8E63-68A67410D102} = {431079BC-518A-4B5B-BF21-C5240A0106D8}
		{FBCD6596-5F64-4B22-B0D4-F6894C68A86E} = {FF4C8CF2-2CF6-434D-81DF-6D04E337D1C9}
		{DFA21C3F-7826-43A8-A49E-B3C7DB3E1928} = {FF4C8CF2-2CF6-434D-81DF-6D04E337D1C9}
		{EBA531FF-1833-40AC-979F-3831C59F9E15} = {FF4C8CF2-2CF6-434D-81DF-6D04E337D1C9}
		{1EC9E221-0844-4702-B289-2C150FE0E0F4} = {35A74BF0-3889-49BB-8E0C-B45103DE3CE5}
		{4C7B340D-168F-4EF6-94A5-C300035DBA7F} = {35A74BF0-3889-49BB-8E0C-B45103DE3CE5}
		{C357115A-B940-4DED-8F2D-DAF733BA87F4} = {35A74BF0-3889-49BB-8E0C-B45103DE3CE5}
		{8D5F3A81-06BD-4256-8E9E-771322D1361C} = {D92604E0-562A-4CEA-9A3A-FD96151909D8}
		{4F8C00B0-4705-4919-9FE7-7FA8A014A096} = {D92604E0-562A-4CEA-9A3A-FD96151909D8}
		{B3C916A6-71E6-4A1E-A2B2-4046866CA339} = {D92604E0-562A-4CEA-9A3A-FD96151909D8}
		{006C8A9B-5039-468A-9BCE-C126D8FB96CF} = {D7BBE42E-5031-49F4-A76F-6EF9A5B8D6CF}
		{40F438D9-34D5-4973-B477-A1DBB2704C22} = {D7BBE42E-5031-49F4-A76F-6EF9A5B8D6CF}
		{683C3093-11B9-4C01-BB1E-D14335C27076} = {D7BBE42E-5031-49F4-A76F-6EF9A5B8D6CF}
	EndGlobalSection
	GlobalSection(ExtensibilityGlobals) = postSolution
		SolutionGuid = {53136515-F3D0-498B-A981-81B9B535A189}
	EndGlobalSection
EndGlobal
